# This file is automatically @generated by Poetry 1.8.3 and should not be changed by hand.

[[package]]
name = "base36"
version = "0.1.1"
description = "Yet another implementation for the positional numeral system using 36 as the radix."
optional = false
python-versions = "*"
files = [
    {file = "base36-0.1.1-py2.py3-none-any.whl", hash = "sha256:15eec75cf938a2186349e6b6dfc7320c73c065921493be83808c68d909b15763"},
    {file = "base36-0.1.1.tar.gz", hash = "sha256:6f221783c5499bd5fd4a1102054df9638d6232ff5ca850c21fd1efe5070c1a96"},
]

[[package]]
name = "nbtlib"
version = "2.0.4"
description = "A python package to read and edit nbt data"
optional = false
python-versions = ">=3.8,<4.0"
files = [
    {file = "nbtlib-2.0.4-py3-none-any.whl", hash = "sha256:38d571fbf2f7ebd640639461b47fc79919a8ea8e74633ffcc8aa6b2acfc9c889"},
    {file = "nbtlib-2.0.4.tar.gz", hash = "sha256:d4b861047fb9beb546a2e3f3b776dc61b0fb5831375752a39961882e2f76cc93"},
]

[package.dependencies]
numpy = "*"

[[package]]
name = "nodeenv"
version = "1.9.1"
description = "Node.js virtual environment builder"
optional = false
python-versions = "!=3.0.*,!=3.1.*,!=3.2.*,!=3.3.*,!=3.4.*,!=3.5.*,!=3.6.*,>=2.7"
files = [
    {file = "nodeenv-1.9.1-py2.py3-none-any.whl", hash = "sha256:ba11c9782d29c27c70ffbdda2d7415098754709be8a7056d79a737cd901155c9"},
    {file = "nodeenv-1.9.1.tar.gz", hash = "sha256:6ec12890a2dab7946721edbfbcd91f3319c6ccc9aec47be7c7e6b7011ee6645f"},
]

[[package]]
name = "numpy"
version = "2.0.1"
description = "Fundamental package for array computing in Python"
optional = false
python-versions = ">=3.9"
files = [
    {file = "numpy-2.0.1-cp310-cp310-macosx_10_9_x86_64.whl", hash = "sha256:0fbb536eac80e27a2793ffd787895242b7f18ef792563d742c2d673bfcb75134"},
    {file = "numpy-2.0.1-cp310-cp310-macosx_11_0_arm64.whl", hash = "sha256:69ff563d43c69b1baba77af455dd0a839df8d25e8590e79c90fcbe1499ebde42"},
    {file = "numpy-2.0.1-cp310-cp310-macosx_14_0_arm64.whl", hash = "sha256:1b902ce0e0a5bb7704556a217c4f63a7974f8f43e090aff03fcf262e0b135e02"},
    {file = "numpy-2.0.1-cp310-cp310-macosx_14_0_x86_64.whl", hash = "sha256:f1659887361a7151f89e79b276ed8dff3d75877df906328f14d8bb40bb4f5101"},
    {file = "numpy-2.0.1-cp310-cp310-manylinux_2_17_aarch64.manylinux2014_aarch64.whl", hash = "sha256:4658c398d65d1b25e1760de3157011a80375da861709abd7cef3bad65d6543f9"},
    {file = "numpy-2.0.1-cp310-cp310-manylinux_2_17_x86_64.manylinux2014_x86_64.whl", hash = "sha256:4127d4303b9ac9f94ca0441138acead39928938660ca58329fe156f84b9f3015"},
    {file = "numpy-2.0.1-cp310-cp310-musllinux_1_1_x86_64.whl", hash = "sha256:e5eeca8067ad04bc8a2a8731183d51d7cbaac66d86085d5f4766ee6bf19c7f87"},
    {file = "numpy-2.0.1-cp310-cp310-musllinux_1_2_aarch64.whl", hash = "sha256:9adbd9bb520c866e1bfd7e10e1880a1f7749f1f6e5017686a5fbb9b72cf69f82"},
    {file = "numpy-2.0.1-cp310-cp310-win32.whl", hash = "sha256:7b9853803278db3bdcc6cd5beca37815b133e9e77ff3d4733c247414e78eb8d1"},
    {file = "numpy-2.0.1-cp310-cp310-win_amd64.whl", hash = "sha256:81b0893a39bc5b865b8bf89e9ad7807e16717f19868e9d234bdaf9b1f1393868"},
    {file = "numpy-2.0.1-cp311-cp311-macosx_10_9_x86_64.whl", hash = "sha256:75b4e316c5902d8163ef9d423b1c3f2f6252226d1aa5cd8a0a03a7d01ffc6268"},
    {file = "numpy-2.0.1-cp311-cp311-macosx_11_0_arm64.whl", hash = "sha256:6e4eeb6eb2fced786e32e6d8df9e755ce5be920d17f7ce00bc38fcde8ccdbf9e"},
    {file = "numpy-2.0.1-cp311-cp311-macosx_14_0_arm64.whl", hash = "sha256:a1e01dcaab205fbece13c1410253a9eea1b1c9b61d237b6fa59bcc46e8e89343"},
    {file = "numpy-2.0.1-cp311-cp311-macosx_14_0_x86_64.whl", hash = "sha256:a8fc2de81ad835d999113ddf87d1ea2b0f4704cbd947c948d2f5513deafe5a7b"},
    {file = "numpy-2.0.1-cp311-cp311-manylinux_2_17_aarch64.manylinux2014_aarch64.whl", hash = "sha256:5a3d94942c331dd4e0e1147f7a8699a4aa47dffc11bf8a1523c12af8b2e91bbe"},
    {file = "numpy-2.0.1-cp311-cp311-manylinux_2_17_x86_64.manylinux2014_x86_64.whl", hash = "sha256:15eb4eca47d36ec3f78cde0a3a2ee24cf05ca7396ef808dda2c0ddad7c2bde67"},
    {file = "numpy-2.0.1-cp311-cp311-musllinux_1_1_x86_64.whl", hash = "sha256:b83e16a5511d1b1f8a88cbabb1a6f6a499f82c062a4251892d9ad5d609863fb7"},
    {file = "numpy-2.0.1-cp311-cp311-musllinux_1_2_aarch64.whl", hash = "sha256:1f87fec1f9bc1efd23f4227becff04bd0e979e23ca50cc92ec88b38489db3b55"},
    {file = "numpy-2.0.1-cp311-cp311-win32.whl", hash = "sha256:36d3a9405fd7c511804dc56fc32974fa5533bdeb3cd1604d6b8ff1d292b819c4"},
    {file = "numpy-2.0.1-cp311-cp311-win_amd64.whl", hash = "sha256:08458fbf403bff5e2b45f08eda195d4b0c9b35682311da5a5a0a0925b11b9bd8"},
    {file = "numpy-2.0.1-cp312-cp312-macosx_10_9_x86_64.whl", hash = "sha256:6bf4e6f4a2a2e26655717a1983ef6324f2664d7011f6ef7482e8c0b3d51e82ac"},
    {file = "numpy-2.0.1-cp312-cp312-macosx_11_0_arm64.whl", hash = "sha256:7d6fddc5fe258d3328cd8e3d7d3e02234c5d70e01ebe377a6ab92adb14039cb4"},
    {file = "numpy-2.0.1-cp312-cp312-macosx_14_0_arm64.whl", hash = "sha256:5daab361be6ddeb299a918a7c0864fa8618af66019138263247af405018b04e1"},
    {file = "numpy-2.0.1-cp312-cp312-macosx_14_0_x86_64.whl", hash = "sha256:ea2326a4dca88e4a274ba3a4405eb6c6467d3ffbd8c7d38632502eaae3820587"},
    {file = "numpy-2.0.1-cp312-cp312-manylinux_2_17_aarch64.manylinux2014_aarch64.whl", hash = "sha256:529af13c5f4b7a932fb0e1911d3a75da204eff023ee5e0e79c1751564221a5c8"},
    {file = "numpy-2.0.1-cp312-cp312-manylinux_2_17_x86_64.manylinux2014_x86_64.whl", hash = "sha256:6790654cb13eab303d8402354fabd47472b24635700f631f041bd0b65e37298a"},
    {file = "numpy-2.0.1-cp312-cp312-musllinux_1_1_x86_64.whl", hash = "sha256:cbab9fc9c391700e3e1287666dfd82d8666d10e69a6c4a09ab97574c0b7ee0a7"},
    {file = "numpy-2.0.1-cp312-cp312-musllinux_1_2_aarch64.whl", hash = "sha256:99d0d92a5e3613c33a5f01db206a33f8fdf3d71f2912b0de1739894668b7a93b"},
    {file = "numpy-2.0.1-cp312-cp312-win32.whl", hash = "sha256:173a00b9995f73b79eb0191129f2455f1e34c203f559dd118636858cc452a1bf"},
    {file = "numpy-2.0.1-cp312-cp312-win_amd64.whl", hash = "sha256:bb2124fdc6e62baae159ebcfa368708867eb56806804d005860b6007388df171"},
    {file = "numpy-2.0.1-cp39-cp39-macosx_10_9_x86_64.whl", hash = "sha256:bfc085b28d62ff4009364e7ca34b80a9a080cbd97c2c0630bb5f7f770dae9414"},
    {file = "numpy-2.0.1-cp39-cp39-macosx_11_0_arm64.whl", hash = "sha256:8fae4ebbf95a179c1156fab0b142b74e4ba4204c87bde8d3d8b6f9c34c5825ef"},
    {file = "numpy-2.0.1-cp39-cp39-macosx_14_0_arm64.whl", hash = "sha256:72dc22e9ec8f6eaa206deb1b1355eb2e253899d7347f5e2fae5f0af613741d06"},
    {file = "numpy-2.0.1-cp39-cp39-macosx_14_0_x86_64.whl", hash = "sha256:ec87f5f8aca726117a1c9b7083e7656a9d0d606eec7299cc067bb83d26f16e0c"},
    {file = "numpy-2.0.1-cp39-cp39-manylinux_2_17_aarch64.manylinux2014_aarch64.whl", hash = "sha256:1f682ea61a88479d9498bf2091fdcd722b090724b08b31d63e022adc063bad59"},
    {file = "numpy-2.0.1-cp39-cp39-manylinux_2_17_x86_64.manylinux2014_x86_64.whl", hash = "sha256:8efc84f01c1cd7e34b3fb310183e72fcdf55293ee736d679b6d35b35d80bba26"},
    {file = "numpy-2.0.1-cp39-cp39-musllinux_1_1_x86_64.whl", hash = "sha256:3fdabe3e2a52bc4eff8dc7a5044342f8bd9f11ef0934fcd3289a788c0eb10018"},
    {file = "numpy-2.0.1-cp39-cp39-musllinux_1_2_aarch64.whl", hash = "sha256:24a0e1befbfa14615b49ba9659d3d8818a0f4d8a1c5822af8696706fbda7310c"},
    {file = "numpy-2.0.1-cp39-cp39-win32.whl", hash = "sha256:f9cf5ea551aec449206954b075db819f52adc1638d46a6738253a712d553c7b4"},
    {file = "numpy-2.0.1-cp39-cp39-win_amd64.whl", hash = "sha256:e9e81fa9017eaa416c056e5d9e71be93d05e2c3c2ab308d23307a8bc4443c368"},
    {file = "numpy-2.0.1-pp39-pypy39_pp73-macosx_10_9_x86_64.whl", hash = "sha256:61728fba1e464f789b11deb78a57805c70b2ed02343560456190d0501ba37b0f"},
    {file = "numpy-2.0.1-pp39-pypy39_pp73-macosx_14_0_x86_64.whl", hash = "sha256:12f5d865d60fb9734e60a60f1d5afa6d962d8d4467c120a1c0cda6eb2964437d"},
    {file = "numpy-2.0.1-pp39-pypy39_pp73-manylinux_2_17_x86_64.manylinux2014_x86_64.whl", hash = "sha256:eacf3291e263d5a67d8c1a581a8ebbcfd6447204ef58828caf69a5e3e8c75990"},
    {file = "numpy-2.0.1-pp39-pypy39_pp73-win_amd64.whl", hash = "sha256:2c3a346ae20cfd80b6cfd3e60dc179963ef2ea58da5ec074fd3d9e7a1e7ba97f"},
    {file = "numpy-2.0.1.tar.gz", hash = "sha256:485b87235796410c3519a699cfe1faab097e509e90ebb05dcd098db2ae87e7b3"},
]

[[package]]
name = "pyglet"
version = "2.0.16"
description = "pyglet is a cross-platform games and multimedia package."
optional = false
python-versions = ">=3.8"
files = [
    {file = "pyglet-2.0.16-py3-none-any.whl", hash = "sha256:332593c8c14fa2c545a0da3da2f99b8c75c6e822a90cd4ea8e239fad658ff5a1"},
    {file = "pyglet-2.0.16.tar.gz", hash = "sha256:af007b22ff5f302edeb2a06d749cfef53f52e67f1e52f0b2babd840d37193482"},
]

[[package]]
name = "pyright"
version = "1.1.374"
description = "Command line wrapper for pyright"
optional = false
python-versions = ">=3.7"
files = [
    {file = "pyright-1.1.374-py3-none-any.whl", hash = "sha256:55752bcf7a3646d293cd76710a983b71e16f6128aab2d42468e6eb7e46c0a70d"},
    {file = "pyright-1.1.374.tar.gz", hash = "sha256:d01b2daf864ba5e0362e56b844984865970d7204158e61eb685e2dab7804cb82"},
]

[package.dependencies]
nodeenv = ">=1.6.0"

[package.extras]
all = ["twine (>=3.4.1)"]
dev = ["twine (>=3.4.1)"]

[[package]]
name = "ruff"
version = "0.5.5"
description = "An extremely fast Python linter and code formatter, written in Rust."
optional = false
python-versions = ">=3.7"
files = [
    {file = "ruff-0.5.5-py3-none-linux_armv6l.whl", hash = "sha256:605d589ec35d1da9213a9d4d7e7a9c761d90bba78fc8790d1c5e65026c1b9eaf"},
    {file = "ruff-0.5.5-py3-none-macosx_10_12_x86_64.whl", hash = "sha256:00817603822a3e42b80f7c3298c8269e09f889ee94640cd1fc7f9329788d7bf8"},
    {file = "ruff-0.5.5-py3-none-macosx_11_0_arm64.whl", hash = "sha256:187a60f555e9f865a2ff2c6984b9afeffa7158ba6e1eab56cb830404c942b0f3"},
    {file = "ruff-0.5.5-py3-none-manylinux_2_17_aarch64.manylinux2014_aarch64.whl", hash = "sha256:fe26fc46fa8c6e0ae3f47ddccfbb136253c831c3289bba044befe68f467bfb16"},
    {file = "ruff-0.5.5-py3-none-manylinux_2_17_armv7l.manylinux2014_armv7l.whl", hash = "sha256:4ad25dd9c5faac95c8e9efb13e15803cd8bbf7f4600645a60ffe17c73f60779b"},
    {file = "ruff-0.5.5-py3-none-manylinux_2_17_i686.manylinux2014_i686.whl", hash = "sha256:f70737c157d7edf749bcb952d13854e8f745cec695a01bdc6e29c29c288fc36e"},
    {file = "ruff-0.5.5-py3-none-manylinux_2_17_ppc64.manylinux2014_ppc64.whl", hash = "sha256:cfd7de17cef6ab559e9f5ab859f0d3296393bc78f69030967ca4d87a541b97a0"},
    {file = "ruff-0.5.5-py3-none-manylinux_2_17_ppc64le.manylinux2014_ppc64le.whl", hash = "sha256:a09b43e02f76ac0145f86a08e045e2ea452066f7ba064fd6b0cdccb486f7c3e7"},
    {file = "ruff-0.5.5-py3-none-manylinux_2_17_s390x.manylinux2014_s390x.whl", hash = "sha256:d0b856cb19c60cd40198be5d8d4b556228e3dcd545b4f423d1ad812bfdca5884"},
    {file = "ruff-0.5.5-py3-none-manylinux_2_17_x86_64.manylinux2014_x86_64.whl", hash = "sha256:3687d002f911e8a5faf977e619a034d159a8373514a587249cc00f211c67a091"},
    {file = "ruff-0.5.5-py3-none-musllinux_1_2_aarch64.whl", hash = "sha256:ac9dc814e510436e30d0ba535f435a7f3dc97f895f844f5b3f347ec8c228a523"},
    {file = "ruff-0.5.5-py3-none-musllinux_1_2_armv7l.whl", hash = "sha256:af9bdf6c389b5add40d89b201425b531e0a5cceb3cfdcc69f04d3d531c6be74f"},
    {file = "ruff-0.5.5-py3-none-musllinux_1_2_i686.whl", hash = "sha256:d40a8533ed545390ef8315b8e25c4bb85739b90bd0f3fe1280a29ae364cc55d8"},
    {file = "ruff-0.5.5-py3-none-musllinux_1_2_x86_64.whl", hash = "sha256:cab904683bf9e2ecbbe9ff235bfe056f0eba754d0168ad5407832928d579e7ab"},
    {file = "ruff-0.5.5-py3-none-win32.whl", hash = "sha256:696f18463b47a94575db635ebb4c178188645636f05e934fdf361b74edf1bb2d"},
    {file = "ruff-0.5.5-py3-none-win_amd64.whl", hash = "sha256:50f36d77f52d4c9c2f1361ccbfbd09099a1b2ea5d2b2222c586ab08885cf3445"},
    {file = "ruff-0.5.5-py3-none-win_arm64.whl", hash = "sha256:3191317d967af701f1b73a31ed5788795936e423b7acce82a2b63e26eb3e89d6"},
    {file = "ruff-0.5.5.tar.gz", hash = "sha256:cc5516bdb4858d972fbc31d246bdb390eab8df1a26e2353be2dbc0c2d7f5421a"},
]

[metadata]
lock-version = "2.0"
python-versions = "^3.11"
content-hash = "5d62b5e7d0b25e11ed1d10382d8dfc8d97c56af0cc7eaa8c22f8ddaf6ca23cb4"
